
Microsoft Visual Studio Solution File, Format Version 12.00
# Visual Studio Version 17
VisualStudioVersion = 17.1.32210.238
MinimumVisualStudioVersion = 10.0.40219.1
Project("{FAE04EC0-301F-11D3-BF4B-00C04F79EFBC}") = "ToolsApp.Server", "ToolsApp\Server\ToolsApp.Server.csproj", "{C5C3AB47-BBB1-4B35-A518-A4D80D5BA2D3}"
EndProject
Project("{FAE04EC0-301F-11D3-BF4B-00C04F79EFBC}") = "ToolsApp.Client", "ToolsApp\Client\ToolsApp.Client.csproj", "{731C0A67-D4C5-4941-8B14-A8CD99403B1F}"
EndProject
Project("{FAE04EC0-301F-11D3-BF4B-00C04F79EFBC}") = "ToolsApp.Shared", "ToolsApp\Shared\ToolsApp.Shared.csproj", "{CF426704-937F-4831-8900-3FF532B487C3}"
EndProject
Project("{FAE04EC0-301F-11D3-BF4B-00C04F79EFBC}") = "ToolsApp.Data", "ToolsApp.Data\ToolsApp.Data.csproj", "{62EA1F8D-3B5F-45E9-8B42-4D326BA77DFD}"
EndProject
Global
	GlobalSection(SolutionConfigurationPlatforms) = preSolution
		Debug|Any CPU = Debug|Any CPU
		Release|Any CPU = Release|Any CPU
	EndGlobalSection
	GlobalSection(ProjectConfigurationPlatforms) = postSolution
		{C5C3AB47-BBB1-4B35-A518-A4D80D5BA2D3}.Debug|Any CPU.ActiveCfg = Debug|Any CPU
		{C5C3AB47-BBB1-4B35-A518-A4D80D5BA2D3}.Debug|Any CPU.Build.0 = Debug|Any CPU
		{C5C3AB47-BBB1-4B35-A518-A4D80D5BA2D3}.Release|Any CPU.ActiveCfg = Release|Any CPU
		{C5C3AB47-BBB1-4B35-A518-A4D80D5BA2D3}.Release|Any CPU.Build.0 = Release|Any CPU
		{731C0A67-D4C5-4941-8B14-A8CD99403B1F}.Debug|Any CPU.ActiveCfg = Debug|Any CPU
		{731C0A67-D4C5-4941-8B14-A8CD99403B1F}.Debug|Any CPU.Build.0 = Debug|Any CPU
		{731C0A67-D4C5-4941-8B14-A8CD99403B1F}.Release|Any CPU.ActiveCfg = Release|Any CPU
		{731C0A67-D4C5-4941-8B14-A8CD99403B1F}.Release|Any CPU.Build.0 = Release|Any CPU
		{CF426704-937F-4831-8900-3FF532B487C3}.Debug|Any CPU.ActiveCfg = Debug|Any CPU
		{CF426704-937F-4831-8900-3FF532B487C3}.Debug|Any CPU.Build.0 = Debug|Any CPU
		{CF426704-937F-4831-8900-3FF532B487C3}.Release|Any CPU.ActiveCfg = Release|Any CPU
		{CF426704-937F-4831-8900-3FF532B487C3}.Release|Any CPU.Build.0 = Release|Any CPU
		{62EA1F8D-3B5F-45E9-8B42-4D326BA77DFD}.Debug|Any CPU.ActiveCfg = Debug|Any CPU
		{62EA1F8D-3B5F-45E9-8B42-4D326BA77DFD}.Debug|Any CPU.Build.0 = Debug|Any CPU
		{62EA1F8D-3B5F-45E9-8B42-4D326BA77DFD}.Release|Any CPU.ActiveCfg = Release|Any CPU
		{62EA1F8D-3B5F-45E9-8B42-4D326BA77DFD}.Release|Any CPU.Build.0 = Release|Any CPU
	EndGlobalSection
	GlobalSection(SolutionProperties) = preSolution
		HideSolutionNode = FALSE
	EndGlobalSection
	GlobalSection(ExtensibilityGlobals) = postSolution
		SolutionGuid = {AB9210C6-1C36-476B-B4D7-D9DB50FF802F}
	EndGlobalSection
EndGlobal
